
Microsoft Visual Studio Solution File, Format Version 11.00
# Visual Studio 2010
Project("{FAE04EC0-301F-11D3-BF4B-00C04F79EFBC}") = "WindowsApplication1", "WindowsApplication1.csproj", "{7EF452C6-FA1C-4547-9F71-18096C796A5B}"
EndProject
Global
	GlobalSection(SolutionConfigurationPlatforms) = preSolution
		Debug|Any CPU = Debug|Any CPU
		Release|Any CPU = Release|Any CPU
	EndGlobalSection
	GlobalSection(ProjectConfigurationPlatforms) = postSolution
		{7EF452C6-FA1C-4547-9F71-18096C796A5B}.Debug|Any CPU.ActiveCfg = Debug|Any CPU
		{7EF452C6-FA1C-4547-9F71-18096C796A5B}.Debug|Any CPU.Build.0 = Debug|Any CPU
		{7EF452C6-FA1C-4547-9F71-18096C796A5B}.Release|Any CPU.ActiveCfg = Release|Any CPU
		{7EF452C6-FA1C-4547-9F71-18096C796A5B}.Release|Any CPU.Build.0 = Release|Any CPU
	EndGlobalSection
	GlobalSection(SolutionProperties) = preSolution
		HideSolutionNode = FALSE
	EndGlobalSection
EndGlobal
